
Microsoft Visual Studio Solution File, Format Version 12.00
# Visual Studio Version 16
VisualStudioVersion = 16.0.30907.101
MinimumVisualStudioVersion = 10.0.40219.1
Project("{FAE04EC0-301F-11D3-BF4B-00C04F79EFBC}") = "stomatoloska-ordinacija", "stomatoloska-ordinacija.csproj", "{0897DBFE-B736-438F-9069-2ECFDE64C5E9}"
EndProject
Project("{9A19103F-16F7-4668-BE54-9A1E7A4F7556}") = "Services", "..\Services\Services.csproj", "{3CA92E36-3F2D-4A84-A243-EE4AC441C170}"
EndProject
Project("{9A19103F-16F7-4668-BE54-9A1E7A4F7556}") = "Model", "..\Model\Model.csproj", "{1C8A476B-3731-4FCC-AA63-AE8797D14611}"
EndProject
Global
	GlobalSection(SolutionConfigurationPlatforms) = preSolution
		Debug|Any CPU = Debug|Any CPU
		Release|Any CPU = Release|Any CPU
	EndGlobalSection
	GlobalSection(ProjectConfigurationPlatforms) = postSolution
		{0897DBFE-B736-438F-9069-2ECFDE64C5E9}.Debug|Any CPU.ActiveCfg = Debug|Any CPU
		{0897DBFE-B736-438F-9069-2ECFDE64C5E9}.Debug|Any CPU.Build.0 = Debug|Any CPU
		{0897DBFE-B736-438F-9069-2ECFDE64C5E9}.Release|Any CPU.ActiveCfg = Release|Any CPU
		{0897DBFE-B736-438F-9069-2ECFDE64C5E9}.Release|Any CPU.Build.0 = Release|Any CPU
		{3CA92E36-3F2D-4A84-A243-EE4AC441C170}.Debug|Any CPU.ActiveCfg = Debug|Any CPU
		{3CA92E36-3F2D-4A84-A243-EE4AC441C170}.Debug|Any CPU.Build.0 = Debug|Any CPU
		{3CA92E36-3F2D-4A84-A243-EE4AC441C170}.Release|Any CPU.ActiveCfg = Release|Any CPU
		{3CA92E36-3F2D-4A84-A243-EE4AC441C170}.Release|Any CPU.Build.0 = Release|Any CPU
		{1C8A476B-3731-4FCC-AA63-AE8797D14611}.Debug|Any CPU.ActiveCfg = Debug|Any CPU
		{1C8A476B-3731-4FCC-AA63-AE8797D14611}.Debug|Any CPU.Build.0 = Debug|Any CPU
		{1C8A476B-3731-4FCC-AA63-AE8797D14611}.Release|Any CPU.ActiveCfg = Release|Any CPU
		{1C8A476B-3731-4FCC-AA63-AE8797D14611}.Release|Any CPU.Build.0 = Release|Any CPU
	EndGlobalSection
	GlobalSection(SolutionProperties) = preSolution
		HideSolutionNode = FALSE
	EndGlobalSection
	GlobalSection(ExtensibilityGlobals) = postSolution
		SolutionGuid = {409D6679-FB31-478C-BB90-6024D2BAAE65}
	EndGlobalSection
EndGlobal
